
Microsoft Visual Studio Solution File, Format Version 12.00
# Visual Studio 15
VisualStudioVersion = 15.0.26124.0
MinimumVisualStudioVersion = 15.0.26124.0
Project("{2150E333-8FDC-42A3-9474-1A3956D46DE8}") = "Web", "Web", "{A8F2F0CC-BDA2-4EC9-81AB-485066CBFB11}"
EndProject
Project("{FAE04EC0-301F-11D3-BF4B-00C04F79EFBC}") = "FileManagement.Web.Api", "Web\FileManagement.Web.Api\FileManagement.Web.Api.csproj", "{962F4AE9-0154-4A81-9C4E-C69EDEEE6E7B}"
EndProject
Global
	GlobalSection(SolutionConfigurationPlatforms) = preSolution
		Debug|Any CPU = Debug|Any CPU
		Debug|x64 = Debug|x64
		Debug|x86 = Debug|x86
		Release|Any CPU = Release|Any CPU
		Release|x64 = Release|x64
		Release|x86 = Release|x86
	EndGlobalSection
	GlobalSection(ProjectConfigurationPlatforms) = postSolution
		{962F4AE9-0154-4A81-9C4E-C69EDEEE6E7B}.Debug|Any CPU.ActiveCfg = Debug|Any CPU
		{962F4AE9-0154-4A81-9C4E-C69EDEEE6E7B}.Debug|Any CPU.Build.0 = Debug|Any CPU
		{962F4AE9-0154-4A81-9C4E-C69EDEEE6E7B}.Debug|x64.ActiveCfg = Debug|Any CPU
		{962F4AE9-0154-4A81-9C4E-C69EDEEE6E7B}.Debug|x64.Build.0 = Debug|Any CPU
		{962F4AE9-0154-4A81-9C4E-C69EDEEE6E7B}.Debug|x86.ActiveCfg = Debug|Any CPU
		{962F4AE9-0154-4A81-9C4E-C69EDEEE6E7B}.Debug|x86.Build.0 = Debug|Any CPU
		{962F4AE9-0154-4A81-9C4E-C69EDEEE6E7B}.Release|Any CPU.ActiveCfg = Release|Any CPU
		{962F4AE9-0154-4A81-9C4E-C69EDEEE6E7B}.Release|Any CPU.Build.0 = Release|Any CPU
		{962F4AE9-0154-4A81-9C4E-C69EDEEE6E7B}.Release|x64.ActiveCfg = Release|Any CPU
		{962F4AE9-0154-4A81-9C4E-C69EDEEE6E7B}.Release|x64.Build.0 = Release|Any CPU
		{962F4AE9-0154-4A81-9C4E-C69EDEEE6E7B}.Release|x86.ActiveCfg = Release|Any CPU
		{962F4AE9-0154-4A81-9C4E-C69EDEEE6E7B}.Release|x86.Build.0 = Release|Any CPU
	EndGlobalSection
	GlobalSection(SolutionProperties) = preSolution
		HideSolutionNode = FALSE
	EndGlobalSection
	GlobalSection(NestedProjects) = preSolution
		{962F4AE9-0154-4A81-9C4E-C69EDEEE6E7B} = {A8F2F0CC-BDA2-4EC9-81AB-485066CBFB11}
	EndGlobalSection
	GlobalSection(ExtensibilityGlobals) = postSolution
		SolutionGuid = {F6272825-5BD8-478D-8B66-2D3C7D405E49}
	EndGlobalSection
EndGlobal
