
Microsoft Visual Studio Solution File, Format Version 12.00
# Visual Studio 15
VisualStudioVersion = 15.0.28010.2050
MinimumVisualStudioVersion = 10.0.40219.1
Project("{FAE04EC0-301F-11D3-BF4B-00C04F79EFBC}") = "FileManagement", "FileManagement.csproj", "{DC3EECC6-5522-481E-813F-1CC1FB5A817C}"
EndProject
Global
	GlobalSection(SolutionConfigurationPlatforms) = preSolution
		Debug|Any CPU = Debug|Any CPU
		Release|Any CPU = Release|Any CPU
	EndGlobalSection
	GlobalSection(ProjectConfigurationPlatforms) = postSolution
		{DC3EECC6-5522-481E-813F-1CC1FB5A817C}.Debug|Any CPU.ActiveCfg = Debug|Any CPU
		{DC3EECC6-5522-481E-813F-1CC1FB5A817C}.Debug|Any CPU.Build.0 = Debug|Any CPU
		{DC3EECC6-5522-481E-813F-1CC1FB5A817C}.Release|Any CPU.ActiveCfg = Release|Any CPU
		{DC3EECC6-5522-481E-813F-1CC1FB5A817C}.Release|Any CPU.Build.0 = Release|Any CPU
	EndGlobalSection
	GlobalSection(SolutionProperties) = preSolution
		HideSolutionNode = FALSE
	EndGlobalSection
	GlobalSection(ExtensibilityGlobals) = postSolution
		SolutionGuid = {7E533CE9-A5AA-4393-ACF9-F59F2F699D19}
	EndGlobalSection
EndGlobal
