
Microsoft Visual Studio Solution File, Format Version 12.00
# Visual Studio 15
VisualStudioVersion = 15.0.27703.2035
MinimumVisualStudioVersion = 10.0.40219.1
Project("{2150E333-8FDC-42A3-9474-1A3956D46DE8}") = "Web", "Web", "{95FF766B-35B8-4E85-9E76-766DCD62E2B1}"
EndProject
Project("{FAE04EC0-301F-11D3-BF4B-00C04F79EFBC}") = "FileManagement.Web.Api", "Web\FileManagement.Web.Api\FileManagement.Web.Api.csproj", "{BABFB62D-CD5A-43EE-B935-00117B96A146}"
EndProject
Global
	GlobalSection(SolutionConfigurationPlatforms) = preSolution
		Debug|Any CPU = Debug|Any CPU
		Release|Any CPU = Release|Any CPU
	EndGlobalSection
	GlobalSection(ProjectConfigurationPlatforms) = postSolution
		{BABFB62D-CD5A-43EE-B935-00117B96A146}.Debug|Any CPU.ActiveCfg = Debug|Any CPU
		{BABFB62D-CD5A-43EE-B935-00117B96A146}.Debug|Any CPU.Build.0 = Debug|Any CPU
		{BABFB62D-CD5A-43EE-B935-00117B96A146}.Release|Any CPU.ActiveCfg = Release|Any CPU
		{BABFB62D-CD5A-43EE-B935-00117B96A146}.Release|Any CPU.Build.0 = Release|Any CPU
	EndGlobalSection
	GlobalSection(SolutionProperties) = preSolution
		HideSolutionNode = FALSE
	EndGlobalSection
	GlobalSection(NestedProjects) = preSolution
		{BABFB62D-CD5A-43EE-B935-00117B96A146} = {95FF766B-35B8-4E85-9E76-766DCD62E2B1}
	EndGlobalSection
	GlobalSection(ExtensibilityGlobals) = postSolution
		SolutionGuid = {91B0CF5E-DA1A-47AA-82DC-E3FAC9AA4DF5}
	EndGlobalSection
EndGlobal
